# THIS IS AN AUTOGENERATED FILE. DO NOT EDIT THIS FILE DIRECTLY.
# yarn lockfile v1


"@actions/core@^1.6.0":
  version "1.6.0"
  resolved "https://registry.yarnpkg.com/@actions/core/-/core-1.6.0.tgz#0568e47039bfb6a9170393a73f3b7eb3b22462cb"
  integrity sha512-NB1UAZomZlCV/LmJqkLhNTqtKfFXJZAUPcfl/zqG7EfsQdeUJtaWO98SGbuQ3pydJ3fHl2CvI/51OKYlCYYcaw==
  dependencies:
    "@actions/http-client" "^1.0.11"

"@actions/http-client@^1.0.11":
  version "1.0.11"
  resolved "https://registry.yarnpkg.com/@actions/http-client/-/http-client-1.0.11.tgz#c58b12e9aa8b159ee39e7dd6cbd0e91d905633c0"
  integrity sha512-VRYHGQV1rqnROJqdMvGUbY/Kn8vriQe/F9HR2AlYHzmKuM/p3kjNuXhmdBfcVgsvRWTz5C5XW5xvndZrVBuAYg==
  dependencies:
    tunnel "0.0.6"

"@babel/runtime@^7.16.3", "@babel/runtime@^7.16.7":
  version "7.16.7"
  resolved "https://registry.yarnpkg.com/@babel/runtime/-/runtime-7.16.7.tgz#03ff99f64106588c9c403c6ecb8c3bafbbdff1fa"
  integrity sha512-9E9FJowqAsytyOY6LG+1KuueckRL+aQW+mKvXRXnuFGyRAyepJPmEo9vgMfXUA6O9u3IeEdv9MAkppFcaQwogQ==
  dependencies:
    regenerator-runtime "^0.13.4"

"@noble/hashes@0.5.7":
  version "0.5.7"
  resolved "https://registry.yarnpkg.com/@noble/hashes/-/hashes-0.5.7.tgz#8605d84b34daf43d15c344fae54f0a1d5d5a4632"
  integrity sha512-R9PPYv7TqoYi+enikzZvwRQesGTxR0+jwqzZJGL0uNcf2NFL+lt/uvCCewtXXmr6jWBxiMuNjBfJwKv9UJaCng==

"@noble/secp256k1@1.3.4":
  version "1.3.4"
  resolved "https://registry.yarnpkg.com/@noble/secp256k1/-/secp256k1-1.3.4.tgz#158ded712d09237c0d3428be60dc01ce8ebab9fb"
  integrity sha512-ZVRouDO5mbdCiDg4zCd3ZZABduRtpy4tCnB33Gh9upHe9tRzpiqbRSN1VTjrj/2g8u2c6MBi0YLNnNQpBYOiWg==

"@polkadot/networks@8.3.3":
  version "8.3.3"
  resolved "https://registry.yarnpkg.com/@polkadot/networks/-/networks-8.3.3.tgz#2def73213451f12bc940b0c9ce8942aebbe5d4a8"
  integrity sha512-yj0DMqmzRZbvgaoZztV3/RPgYJjBhT17Dhu+FX/LUJzVbAF/RfjkzNsJT4Ta4kLDxQMYZq1avUac0ia2j9NcNw==
  dependencies:
    "@babel/runtime" "^7.16.7"
    "@polkadot/util" "8.3.3"

"@polkadot/util-crypto@^8.3.3":
  version "8.3.3"
  resolved "https://registry.yarnpkg.com/@polkadot/util-crypto/-/util-crypto-8.3.3.tgz#684a04c26bd390a150e83fe34840d9e219a22d24"
  integrity sha512-kXaT2VTEbJq1wNiV0Dz5qJuVWy7pK+x1QLcyWC+6OFERYO+BCp1Y2bTOcLUeF/gyyR/ZaRMMdTyu0ZbHrwH0xg==
  dependencies:
    "@babel/runtime" "^7.16.7"
    "@noble/hashes" "0.5.7"
    "@noble/secp256k1" "1.3.4"
    "@polkadot/networks" "8.3.3"
    "@polkadot/util" "8.3.3"
    "@polkadot/wasm-crypto" "^4.5.1"
    "@polkadot/x-bigint" "8.3.3"
    "@polkadot/x-randomvalues" "8.3.3"
    ed2curve "^0.3.0"
    micro-base "^0.10.2"
    tweetnacl "^1.0.3"

"@polkadot/util@8.3.3", "@polkadot/util@^8.3.3":
  version "8.3.3"
  resolved "https://registry.yarnpkg.com/@polkadot/util/-/util-8.3.3.tgz#0bd79f771a82a8276b0ca0e713068d23ee53abf2"
  integrity sha512-8u1NShSHrCFeFvxWL8WAyRN8y1/iPvijqYCDeeHziBxCNBrL3VKDc9GNF11skeay/EKQiCHBSBeAYyyQOpLebA==
  dependencies:
    "@babel/runtime" "^7.16.7"
    "@polkadot/x-bigint" "8.3.3"
    "@polkadot/x-global" "8.3.3"
    "@polkadot/x-textdecoder" "8.3.3"
    "@polkadot/x-textencoder" "8.3.3"
    "@types/bn.js" "^4.11.6"
    bn.js "^4.12.0"
    ip-regex "^4.3.0"

"@polkadot/wasm-crypto-asmjs@^4.5.1":
  version "4.5.1"
  resolved "https://registry.yarnpkg.com/@polkadot/wasm-crypto-asmjs/-/wasm-crypto-asmjs-4.5.1.tgz#e1025a49e106db11d1187caf65f56c960ea2ad2b"
  integrity sha512-DOdRiWhxVvmqTvp+E9z1j+Yr0zDOGsDvqnT/eNw0Dl1FVUOImsEa7FKns/urASmcxCVEE1jtUWSnij29jrORMQ==
  dependencies:
    "@babel/runtime" "^7.16.3"

"@polkadot/wasm-crypto-wasm@^4.5.1":
  version "4.5.1"
  resolved "https://registry.yarnpkg.com/@polkadot/wasm-crypto-wasm/-/wasm-crypto-wasm-4.5.1.tgz#063a58ff7ddd939b7886a6a238109a8d2c416e46"
  integrity sha512-hPwke85HxpgG/RAlwdCE8u5w7bThvWg399mlB+XjogXMxOUWBZSgq2XYbgzROUXx27inK9nStF4Pnc4zJnqs9A==
  dependencies:
    "@babel/runtime" "^7.16.3"

"@polkadot/wasm-crypto@^4.5.1":
  version "4.5.1"
  resolved "https://registry.yarnpkg.com/@polkadot/wasm-crypto/-/wasm-crypto-4.5.1.tgz#e1ac6d846a0ad8e991cec128994524183ef6e8fd"
  integrity sha512-Cr21ais3Kq3aedIHZ3J1tjgeD/+K8FCiwEawr0oRywNBSJR8wyuZMePs4swR/6xm8wbBkpqoBVHz/UQHqqQJmA==
  dependencies:
    "@babel/runtime" "^7.16.3"
    "@polkadot/wasm-crypto-asmjs" "^4.5.1"
    "@polkadot/wasm-crypto-wasm" "^4.5.1"

"@polkadot/x-bigint@8.3.3":
  version "8.3.3"
  resolved "https://registry.yarnpkg.com/@polkadot/x-bigint/-/x-bigint-8.3.3.tgz#3787c4cbfc996bda05c342a80c04bd58a1beaf4b"
  integrity sha512-2CT25f0zN/uhch3KpM38jtQfFJ1zJCNT41exg49ztsOvm4f6l+6hW91NLhNAZ313B/c6Z4Lm3DalsjAOdBZ8Nw==
  dependencies:
    "@babel/runtime" "^7.16.7"
    "@polkadot/x-global" "8.3.3"

"@polkadot/x-global@8.3.3":
  version "8.3.3"
  resolved "https://registry.yarnpkg.com/@polkadot/x-global/-/x-global-8.3.3.tgz#ee2f4a0acd46626bc04174e1bf966478a2feef94"
  integrity sha512-7DWjcNhTDIpYNiQmLq56o6xYOONr0i6WXdoPUxYrToxZWeWyj/FWaYMfttedLydABPcy87lmvIy8ECp7qCcnyw==
  dependencies:
    "@babel/runtime" "^7.16.7"

"@polkadot/x-randomvalues@8.3.3":
  version "8.3.3"
  resolved "https://registry.yarnpkg.com/@polkadot/x-randomvalues/-/x-randomvalues-8.3.3.tgz#29f855d903fdcac1cb42cacbbc85ca5db7eaccd8"
  integrity sha512-yxM6GWQholf+vY4dHxKVwtJwDzNUz4UJlL/iN3PA0cuhQ37gxmtJugnNAllcFd8LDNXEN47Ky6Ifw1OHHmZaVw==
  dependencies:
    "@babel/runtime" "^7.16.7"
    "@polkadot/x-global" "8.3.3"

"@polkadot/x-textdecoder@8.3.3":
  version "8.3.3"
  resolved "https://registry.yarnpkg.com/@polkadot/x-textdecoder/-/x-textdecoder-8.3.3.tgz#d2ef1c63c712f015489025eb95e01a466a5614a7"
  integrity sha512-oEvFJv/F+fQ336ciRuJJgJFtfyOX6a2Nyr/5GCkiSQjkEIdnBUuO49yXpHNmQsNI0WndLWIEitiVVa9KuDslYw==
  dependencies:
    "@babel/runtime" "^7.16.7"
    "@polkadot/x-global" "8.3.3"

"@polkadot/x-textencoder@8.3.3":
  version "8.3.3"
  resolved "https://registry.yarnpkg.com/@polkadot/x-textencoder/-/x-textencoder-8.3.3.tgz#f59bf164fcd5ca9899c61065f36911cabec7c9f8"
  integrity sha512-acVsJjmlQ7aluUq8JARY2wJAbf+6dvZNoUrvgzdX/jl5MqvqeIXmX3LX71MyidLt27Z537VDgNzWw8V/524AVQ==
  dependencies:
    "@babel/runtime" "^7.16.7"
    "@polkadot/x-global" "8.3.3"

"@types/bn.js@^4.11.6":
  version "4.11.6"
  resolved "https://registry.yarnpkg.com/@types/bn.js/-/bn.js-4.11.6.tgz#c306c70d9358aaea33cd4eda092a742b9505967c"
  integrity sha512-pqr857jrp2kPuO9uRjZ3PwnJTjoQy+fcdxvBTvHm6dkmEL9q+hDD/2j/0ELOBPtPnS8LjCX0gI9nbl8lVkadpg==
  dependencies:
    "@types/node" "*"

"@types/node@*":
  version "17.0.12"
  resolved "https://registry.yarnpkg.com/@types/node/-/node-17.0.12.tgz#f7aa331b27f08244888c47b7df126184bc2339c5"
  integrity sha512-4YpbAsnJXWYK/fpTVFlMIcUIho2AYCi4wg5aNPrG1ng7fn/1/RZfCIpRCiBX+12RVa34RluilnvCqD+g3KiSiA==

bn.js@^4.12.0:
  version "4.12.0"
  resolved "https://registry.yarnpkg.com/bn.js/-/bn.js-4.12.0.tgz#775b3f278efbb9718eec7361f483fb36fbbfea88"
  integrity sha512-c98Bf3tPniI+scsdk237ku1Dc3ujXQTSgyiPUDEOe7tRkhrqridvh8klBv0HCEso1OLOYcHuCv/cS6DNxKH+ZA==

ed2curve@^0.3.0:
  version "0.3.0"
  resolved "https://registry.yarnpkg.com/ed2curve/-/ed2curve-0.3.0.tgz#322b575152a45305429d546b071823a93129a05d"
  integrity sha512-8w2fmmq3hv9rCrcI7g9hms2pMunQr1JINfcjwR9tAyZqhtyaMN991lF/ZfHfr5tzZQ8c7y7aBgZbjfbd0fjFwQ==
  dependencies:
    tweetnacl "1.x.x"

ip-regex@^4.3.0:
  version "4.3.0"
  resolved "https://registry.yarnpkg.com/ip-regex/-/ip-regex-4.3.0.tgz#687275ab0f57fa76978ff8f4dddc8a23d5990db5"
  integrity sha512-B9ZWJxHHOHUhUjCPrMpLD4xEq35bUTClHM1S6CBU5ixQnkZmwipwgc96vAd7AAGM9TGHvJR+Uss+/Ak6UphK+Q==

micro-base@^0.10.2:
  version "0.10.2"
  resolved "https://registry.yarnpkg.com/micro-base/-/micro-base-0.10.2.tgz#f6f9f0bd949ce511883e5a99f9147d80ddc32f5a"
  integrity sha512-lqqJrT7lfJtDmmiQ4zRLZuIJBk96t0RAc5pCrrWpL9zDeH5i/SUL85mku9HqzTI/OCZ8EQ3aicbMW+eK5Nyu5w==

regenerator-runtime@^0.13.4:
  version "0.13.9"
  resolved "https://registry.yarnpkg.com/regenerator-runtime/-/regenerator-runtime-0.13.9.tgz#8925742a98ffd90814988d7566ad30ca3b263b52"
  integrity sha512-p3VT+cOEgxFsRRA9X4lkI1E+k2/CtnKtU4gcxyaCUreilL/vqI6CdZ3wxVUx3UOUg+gnUOQQcRI7BmSI656MYA==

tunnel@0.0.6:
  version "0.0.6"
  resolved "https://registry.yarnpkg.com/tunnel/-/tunnel-0.0.6.tgz#72f1314b34a5b192db012324df2cc587ca47f92c"
  integrity sha512-1h/Lnq9yajKY2PEbBadPXj3VxsDDu844OnaAo52UVmIzIvwwtBPIuNvkjuzBlTWpfJyUbG3ez0KSBibQkj4ojg==

tweetnacl@1.x.x, tweetnacl@^1.0.3:
  version "1.0.3"
  resolved "https://registry.yarnpkg.com/tweetnacl/-/tweetnacl-1.0.3.tgz#ac0af71680458d8a6378d0d0d050ab1407d35596"
  integrity sha512-6rt+RN7aOi1nGMyC4Xa5DdYiukl2UWCbcJft7YhxReBGQD7OAM8Pbxw6YMo4r2diNEA8FEmu32YOn9rhaiE5yw==

typescript@^4.5.5:
  version "4.5.5"
  resolved "https://registry.yarnpkg.com/typescript/-/typescript-4.5.5.tgz#d8c953832d28924a9e3d37c73d729c846c5896f3"
  integrity sha512-TCTIul70LyWe6IJWT8QSYeA54WQe8EjQFU4wY52Fasj5UKx88LNYKCgBEHcOMOrFF1rKGbD8v/xcNWVUq9SymA==
